
Microsoft Visual Studio Solution File, Format Version 12.00
# Visual Studio Version 16
VisualStudioVersion = 16.0.29009.5
MinimumVisualStudioVersion = 10.0.40219.1
Project("{FAE04EC0-301F-11D3-BF4B-00C04F79EFBC}") = "projeto-teste", "projeto-teste\projeto-teste.csproj", "{267BB78C-7341-48EE-A5B6-1B9F8B5EB60D}"
EndProject
Global
	GlobalSection(SolutionConfigurationPlatforms) = preSolution
		Debug|Any CPU = Debug|Any CPU
		Release|Any CPU = Release|Any CPU
	EndGlobalSection
	GlobalSection(ProjectConfigurationPlatforms) = postSolution
		{267BB78C-7341-48EE-A5B6-1B9F8B5EB60D}.Debug|Any CPU.ActiveCfg = Debug|Any CPU
		{267BB78C-7341-48EE-A5B6-1B9F8B5EB60D}.Debug|Any CPU.Build.0 = Debug|Any CPU
		{267BB78C-7341-48EE-A5B6-1B9F8B5EB60D}.Release|Any CPU.ActiveCfg = Release|Any CPU
		{267BB78C-7341-48EE-A5B6-1B9F8B5EB60D}.Release|Any CPU.Build.0 = Release|Any CPU
	EndGlobalSection
	GlobalSection(SolutionProperties) = preSolution
		HideSolutionNode = FALSE
	EndGlobalSection
	GlobalSection(ExtensibilityGlobals) = postSolution
		SolutionGuid = {FC55546A-E4A8-4693-BE21-92CB65ECD7EA}
	EndGlobalSection
EndGlobal
